{"format_version":"0.1","terraform_version":"0.15.0","variables":{"ibm_region":{"value":"us-south"},"ibmcloud_api_key":{"value":"wzG6fVD384QO_-d3I6oD0gkXznW-GjTe4GByOC9z-UYl"},"vsi_name":{"value":"foobar"}},"planned_values":{"outputs":{"public_ip":{"sensitive":false},"sshcommand":{"sensitive":false}},"root_module":{"resources":[{"address":"ibm_is_floating_ip.fip1","mode":"managed","type":"ibm_is_floating_ip","name":"fip1","provider_name":"registry.terraform.io/ibm-cloud/ibm","schema_version":0,"values":{"name":"tf-template-test-fip1","timeouts":null}},{"address":"ibm_is_instance.vsi1","mode":"managed","type":"ibm_is_instance","name":"vsi1","provider_name":"registry.terraform.io/ibm-cloud/ibm","schema_version":0,"values":{"auto_delete_volume":null,"force_recovery_time":null,"image":"r006-a20a0f5d-6649-4117-80d5-f96c2f3f6b3d","name":"tf-template-test-foobar","network_interfaces":[],"primary_network_interface":[{"allow_ip_spoofing":false,"name":"foobar","port_speed":null}],"profile":"cx2-2x4","timeouts":null,"user_data":null,"volumes":null,"wait_before_delete":true,"zone":"us-south-1"}},{"address":"ibm_is_security_group.sg1","mode":"managed","type":"ibm_is_security_group","name":"sg1","provider_name":"registry.terraform.io/ibm-cloud/ibm","schema_version":0,"values":{"name":"tf-template-test-sg1"}},{"address":"ibm_is_security_group_rule.ingress_icmp_all","mode":"managed","type":"ibm_is_security_group_rule","name":"ingress_icmp_all","provider_name":"registry.terraform.io/ibm-cloud/ibm","schema_version":0,"values":{"direction":"inbound","icmp":[{"code":null,"type":null}],"ip_version":"ipv4","remote":"0.0.0.0/0","tcp":[],"udp":[]}},{"address":"ibm_is_ssh_key.ssh_key_id","mode":"managed","type":"ibm_is_ssh_key","name":"ssh_key_id","provider_name":"registry.terraform.io/ibm-cloud/ibm","schema_version":0,"values":{"name":"tf-template-test-sshkey"}},{"address":"ibm_is_subnet.subnet1","mode":"managed","type":"ibm_is_subnet","name":"subnet1","provider_name":"registry.terraform.io/ibm-cloud/ibm","schema_version":0,"values":{"ip_version":"ipv4","name":"tf-template-test-subnet1","public_gateway":null,"timeouts":null,"total_ipv4_address_count":256,"zone":"us-south-1"}},{"address":"ibm_is_vpc.vpc","mode":"managed","type":"ibm_is_vpc","name":"vpc","provider_name":"registry.terraform.io/ibm-cloud/ibm","schema_version":0,"values":{"address_prefix_management":"auto","classic_access":false,"name":"tf-template-test-vpc","timeouts":null}},{"address":"local_file.vsi_pem","mode":"managed","type":"local_file","name":"vsi_pem","provider_name":"registry.terraform.io/hashicorp/local","schema_version":0,"values":{"content_base64":null,"directory_permission":"0777","file_permission":"0600","filename":"./vsi.pem","sensitive_content":null,"source":null}},{"address":"tls_private_key.vsi_key","mode":"managed","type":"tls_private_key","name":"vsi_key","provider_name":"registry.terraform.io/hashicorp/tls","schema_version":0,"values":{"algorithm":"RSA","ecdsa_curve":"P224","rsa_bits":4096}}]}},"resource_changes":[{"address":"ibm_is_floating_ip.fip1","mode":"managed","type":"ibm_is_floating_ip","name":"fip1","provider_name":"registry.terraform.io/ibm-cloud/ibm","change":{"actions":["create"],"before":null,"after":{"name":"tf-template-test-fip1","timeouts":null},"after_unknown":{"address":true,"id":true,"resource_controller_url":true,"resource_crn":true,"resource_group":true,"resource_group_name":true,"resource_name":true,"resource_status":true,"status":true,"tags":true,"target":true,"zone":true},"before_sensitive":false,"after_sensitive":{"tags":[]}}},{"address":"ibm_is_instance.vsi1","mode":"managed","type":"ibm_is_instance","name":"vsi1","provider_name":"registry.terraform.io/ibm-cloud/ibm","change":{"actions":["create"],"before":null,"after":{"auto_delete_volume":null,"force_recovery_time":null,"image":"r006-a20a0f5d-6649-4117-80d5-f96c2f3f6b3d","name":"tf-template-test-foobar","network_interfaces":[],"primary_network_interface":[{"allow_ip_spoofing":false,"name":"foobar","port_speed":null}],"profile":"cx2-2x4","timeouts":null,"user_data":null,"volumes":null,"wait_before_delete":true,"zone":"us-south-1"},"after_unknown":{"boot_volume":true,"gpu":true,"id":true,"keys":true,"memory":true,"network_interfaces":[],"primary_network_interface":[{"id":true,"primary_ipv4_address":true,"security_groups":true,"subnet":true}],"resource_controller_url":true,"resource_crn":true,"resource_group":true,"resource_group_name":true,"resource_name":true,"resource_status":true,"status":true,"tags":true,"vcpu":true,"volume_attachments":true,"vpc":true},"before_sensitive":false,"after_sensitive":{"boot_volume":[],"gpu":[],"keys":[],"network_interfaces":[],"primary_network_interface":[{"security_groups":[]}],"tags":[],"vcpu":[],"volume_attachments":[]}}},{"address":"ibm_is_security_group.sg1","mode":"managed","type":"ibm_is_security_group","name":"sg1","provider_name":"registry.terraform.io/ibm-cloud/ibm","change":{"actions":["create"],"before":null,"after":{"name":"tf-template-test-sg1"},"after_unknown":{"crn":true,"id":true,"resource_controller_url":true,"resource_crn":true,"resource_group":true,"resource_group_name":true,"resource_name":true,"rules":true,"tags":true,"vpc":true},"before_sensitive":false,"after_sensitive":{"rules":[],"tags":[]}}},{"address":"ibm_is_security_group_rule.ingress_icmp_all","mode":"managed","type":"ibm_is_security_group_rule","name":"ingress_icmp_all","provider_name":"registry.terraform.io/ibm-cloud/ibm","change":{"actions":["create"],"before":null,"after":{"direction":"inbound","icmp":[{"code":null,"type":null}],"ip_version":"ipv4","remote":"0.0.0.0/0","tcp":[],"udp":[]},"after_unknown":{"group":true,"icmp":[{}],"id":true,"protocol":true,"related_crn":true,"rule_id":true,"tcp":[],"udp":[]},"before_sensitive":false,"after_sensitive":{"icmp":[{}],"tcp":[],"udp":[]}}},{"address":"ibm_is_ssh_key.ssh_key_id","mode":"managed","type":"ibm_is_ssh_key","name":"ssh_key_id","provider_name":"registry.terraform.io/ibm-cloud/ibm","change":{"actions":["create"],"before":null,"after":{"name":"tf-template-test-sshkey"},"after_unknown":{"fingerprint":true,"id":true,"length":true,"public_key":true,"resource_controller_url":true,"resource_crn":true,"resource_group":true,"resource_group_name":true,"resource_name":true,"tags":true,"type":true},"before_sensitive":false,"after_sensitive":{"tags":[]}}},{"address":"ibm_is_subnet.subnet1","mode":"managed","type":"ibm_is_subnet","name":"subnet1","provider_name":"registry.terraform.io/ibm-cloud/ibm","change":{"actions":["create"],"before":null,"after":{"ip_version":"ipv4","name":"tf-template-test-subnet1","public_gateway":null,"timeouts":null,"total_ipv4_address_count":256,"zone":"us-south-1"},"after_unknown":{"available_ipv4_address_count":true,"crn":true,"id":true,"ipv4_cidr_block":true,"ipv6_cidr_block":true,"network_acl":true,"resource_controller_url":true,"resource_crn":true,"resource_group":true,"resource_group_name":true,"resource_name":true,"resource_status":true,"routing_table":true,"status":true,"tags":true,"vpc":true},"before_sensitive":false,"after_sensitive":{"tags":[]}}},{"address":"ibm_is_vpc.vpc","mode":"managed","type":"ibm_is_vpc","name":"vpc","provider_name":"registry.terraform.io/ibm-cloud/ibm","change":{"actions":["create"],"before":null,"after":{"address_prefix_management":"auto","classic_access":false,"name":"tf-template-test-vpc","timeouts":null},"after_unknown":{"crn":true,"cse_source_addresses":true,"default_network_acl":true,"default_network_acl_name":true,"default_routing_table":true,"default_routing_table_name":true,"default_security_group":true,"default_security_group_name":true,"id":true,"resource_controller_url":true,"resource_crn":true,"resource_group":true,"resource_group_name":true,"resource_name":true,"resource_status":true,"security_group":true,"status":true,"subnets":true,"tags":true},"before_sensitive":false,"after_sensitive":{"cse_source_addresses":[],"security_group":[],"subnets":[],"tags":[]}}},{"address":"local_file.vsi_pem","mode":"managed","type":"local_file","name":"vsi_pem","provider_name":"registry.terraform.io/hashicorp/local","change":{"actions":["create"],"before":null,"after":{"content_base64":null,"directory_permission":"0777","file_permission":"0600","filename":"./vsi.pem","sensitive_content":null,"source":null},"after_unknown":{"content":true,"id":true},"before_sensitive":false,"after_sensitive":{"content":true}}},{"address":"tls_private_key.vsi_key","mode":"managed","type":"tls_private_key","name":"vsi_key","provider_name":"registry.terraform.io/hashicorp/tls","change":{"actions":["create"],"before":null,"after":{"algorithm":"RSA","ecdsa_curve":"P224","rsa_bits":4096},"after_unknown":{"id":true,"private_key_pem":true,"public_key_fingerprint_md5":true,"public_key_openssh":true,"public_key_pem":true},"before_sensitive":false,"after_sensitive":{}}}],"output_changes":{"public_ip":{"actions":["create"],"before":null,"after_unknown":true,"before_sensitive":false,"after_sensitive":false},"sshcommand":{"actions":["create"],"before":null,"after_unknown":true,"before_sensitive":false,"after_sensitive":false}},"prior_state":{"format_version":"0.1","terraform_version":"0.15.0","values":{"root_module":{"resources":[{"address":"data.ibm_is_image.ubuntu","mode":"data","type":"ibm_is_image","name":"ubuntu","provider_name":"registry.terraform.io/ibm-cloud/ibm","schema_version":0,"values":{"architecture":"amd64","checksum":null,"crn":"crn:v1:bluemix:public:is:us-south:a/811f8abfbd32425597dc7ba40da98fa6::image:r006-a20a0f5d-6649-4117-80d5-f96c2f3f6b3d","encryption":"none","encryption_key":null,"id":"r006-a20a0f5d-6649-4117-80d5-f96c2f3f6b3d","name":"ibm-centos-8-2-minimal-amd64-2","os":"centos-8-amd64","status":"deprecated","visibility":"public"}}]}}},"configuration":{"provider_config":{"ibm":{"name":"ibm","version_constraint":"1.23.2","expressions":{"ibmcloud_api_key":{"references":["var.ibmcloud_api_key"]},"ibmcloud_timeout":{"constant_value":60},"region":{"references":["var.ibm_region"]}}}},"root_module":{"outputs":{"public_ip":{"expression":{"references":["ibm_is_floating_ip.fip1"]}},"sshcommand":{"expression":{"references":["ibm_is_floating_ip.fip1"]}}},"resources":[{"address":"ibm_is_floating_ip.fip1","mode":"managed","type":"ibm_is_floating_ip","name":"fip1","provider_config_key":"ibm","expressions":{"name":{"references":["local.BASENAME"]},"target":{"references":["ibm_is_instance.vsi1"]}},"schema_version":0},{"address":"ibm_is_instance.vsi1","mode":"managed","type":"ibm_is_instance","name":"vsi1","provider_config_key":"ibm","expressions":{"image":{"references":["data.ibm_is_image.ubuntu"]},"keys":{"references":["ibm_is_ssh_key.ssh_key_id"]},"name":{"references":["local.BASENAME","var.vsi_name"]},"primary_network_interface":[{"name":{"constant_value":"foobar"},"security_groups":{"references":["ibm_is_security_group.sg1"]},"subnet":{"references":["ibm_is_subnet.subnet1"]}}],"profile":{"constant_value":"cx2-2x4"},"vpc":{"references":["ibm_is_vpc.vpc"]},"zone":{"references":["local.ZONE"]}},"schema_version":0},{"address":"ibm_is_security_group.sg1","mode":"managed","type":"ibm_is_security_group","name":"sg1","provider_config_key":"ibm","expressions":{"name":{"references":["local.BASENAME"]},"vpc":{"references":["ibm_is_vpc.vpc"]}},"schema_version":0},{"address":"ibm_is_security_group_rule.ingress_icmp_all","mode":"managed","type":"ibm_is_security_group_rule","name":"ingress_icmp_all","provider_config_key":"ibm","expressions":{"direction":{"constant_value":"inbound"},"group":{"references":["ibm_is_security_group.sg1"]},"icmp":[{}],"remote":{"constant_value":"0.0.0.0/0"}},"schema_version":0},{"address":"ibm_is_ssh_key.ssh_key_id","mode":"managed","type":"ibm_is_ssh_key","name":"ssh_key_id","provider_config_key":"ibm","expressions":{"name":{"references":["local.BASENAME"]},"public_key":{"references":["tls_private_key.vsi_key"]}},"schema_version":0},{"address":"ibm_is_subnet.subnet1","mode":"managed","type":"ibm_is_subnet","name":"subnet1","provider_config_key":"ibm","expressions":{"name":{"references":["local.BASENAME"]},"total_ipv4_address_count":{"constant_value":256},"vpc":{"references":["ibm_is_vpc.vpc"]},"zone":{"references":["local.ZONE"]}},"schema_version":0},{"address":"ibm_is_vpc.vpc","mode":"managed","type":"ibm_is_vpc","name":"vpc","provider_config_key":"ibm","expressions":{"name":{"references":["local.BASENAME"]}},"schema_version":0},{"address":"local_file.vsi_pem","mode":"managed","type":"local_file","name":"vsi_pem","provider_config_key":"local","expressions":{"content":{"references":["tls_private_key.vsi_key"]},"file_permission":{"constant_value":"0600"},"filename":{"references":["path.module"]}},"schema_version":0},{"address":"tls_private_key.vsi_key","mode":"managed","type":"tls_private_key","name":"vsi_key","provider_config_key":"tls","expressions":{"algorithm":{"constant_value":"RSA"},"rsa_bits":{"constant_value":4096}},"schema_version":0},{"address":"data.ibm_is_image.ubuntu","mode":"data","type":"ibm_is_image","name":"ubuntu","provider_config_key":"ibm","expressions":{"name":{"constant_value":"ibm-centos-8-2-minimal-amd64-2"}},"schema_version":0}],"variables":{"ibm_region":{"default":"us-south","description":"IBM Cloud region where all resources will be deployed"},"ibmcloud_api_key":{"description":"The IBM Cloud platform API key needed to deploy IAM enabled resources"},"vsi_name":{"description":"Appended name of the created VSI"}}}}}